version: 2.0
shards:
  ameba:
    git: https://github.com/crystal-ameba/ameba.git
    version: 1.7.0

  lexbor:
    git: https://github.com/kostya/lexbor.git
    version: 3.6.4

  term-cursor:
    git: https://github.com/crystal-term/cursor.git
    version: 1.0.0

  term-spinner:
    git: https://github.com/zw963/spinner.git
    version: 1.0.0+git.commit.012333834fdb921b2253f1327126c005c46abd5a

